
Microsoft Visual Studio Solution File, Format Version 12.00
# Visual Studio Version 17
VisualStudioVersion = 17.8.34322.80
MinimumVisualStudioVersion = 10.0.40219.1
Project("{FAE04EC0-301F-11D3-BF4B-00C04F79EFBC}") = "Banco de Imagens", "Banco de Imagens\Banco de Imagens.csproj", "{403FF01D-82CD-4578-A2DF-556AD057E551}"
EndProject
Global
	GlobalSection(SolutionConfigurationPlatforms) = preSolution
		Debug|Any CPU = Debug|Any CPU
		Release|Any CPU = Release|Any CPU
	EndGlobalSection
	GlobalSection(ProjectConfigurationPlatforms) = postSolution
		{403FF01D-82CD-4578-A2DF-556AD057E551}.Debug|Any CPU.ActiveCfg = Debug|Any CPU
		{403FF01D-82CD-4578-A2DF-556AD057E551}.Debug|Any CPU.Build.0 = Debug|Any CPU
		{403FF01D-82CD-4578-A2DF-556AD057E551}.Release|Any CPU.ActiveCfg = Release|Any CPU
		{403FF01D-82CD-4578-A2DF-556AD057E551}.Release|Any CPU.Build.0 = Release|Any CPU
	EndGlobalSection
	GlobalSection(SolutionProperties) = preSolution
		HideSolutionNode = FALSE
	EndGlobalSection
	GlobalSection(ExtensibilityGlobals) = postSolution
		SolutionGuid = {0E7CC369-19B9-414C-ACD1-90FB253EB98F}
	EndGlobalSection
EndGlobal
